
Microsoft Visual Studio Solution File, Format Version 12.00
# Visual Studio Version 17
VisualStudioVersion = 17.3.32901.215
MinimumVisualStudioVersion = 10.0.40219.1
Project("{9A19103F-16F7-4668-BE54-9A1E7A4F7556}") = "PowerCollections", "PowerCollections\PowerCollections.csproj", "{6107D969-BC4A-45D0-915F-3CDBB0EC1C57}"
EndProject
Project("{7CF6DF6D-3B04-46F8-A40B-537D21BCA0B4}") = "Documentation", "Documentation\Documentation.shfbproj", "{D56671E1-6B9E-4225-806B-87FCEBE5427C}"
EndProject
Global
	GlobalSection(SolutionConfigurationPlatforms) = preSolution
		Debug|Any CPU = Debug|Any CPU
		Release|Any CPU = Release|Any CPU
	EndGlobalSection
	GlobalSection(ProjectConfigurationPlatforms) = postSolution
		{6107D969-BC4A-45D0-915F-3CDBB0EC1C57}.Debug|Any CPU.ActiveCfg = Debug|Any CPU
		{6107D969-BC4A-45D0-915F-3CDBB0EC1C57}.Debug|Any CPU.Build.0 = Debug|Any CPU
		{6107D969-BC4A-45D0-915F-3CDBB0EC1C57}.Release|Any CPU.ActiveCfg = Release|Any CPU
		{6107D969-BC4A-45D0-915F-3CDBB0EC1C57}.Release|Any CPU.Build.0 = Release|Any CPU
		{D56671E1-6B9E-4225-806B-87FCEBE5427C}.Debug|Any CPU.ActiveCfg = Debug|Any CPU
		{D56671E1-6B9E-4225-806B-87FCEBE5427C}.Debug|Any CPU.Build.0 = Debug|Any CPU
		{D56671E1-6B9E-4225-806B-87FCEBE5427C}.Release|Any CPU.ActiveCfg = Release|Any CPU
		{D56671E1-6B9E-4225-806B-87FCEBE5427C}.Release|Any CPU.Build.0 = Release|Any CPU
	EndGlobalSection
	GlobalSection(SolutionProperties) = preSolution
		HideSolutionNode = FALSE
	EndGlobalSection
	GlobalSection(ExtensibilityGlobals) = postSolution
		SolutionGuid = {0AB9DB1E-37AC-44D0-BD43-5D591E993D28}
	EndGlobalSection
EndGlobal
